{
  "version": "3",
  "redirects": {
    "https://deno.land/x/is_number/mod.ts": "https://deno.land/x/is_number@v1.6.1/mod.ts"
  },
  "remote": {
    "https://deno.land/std@0.110.0/_util/assert.ts": "2f868145a042a11d5ad0a3c748dcf580add8a0dbc0e876eaa0026303a5488f58",
    "https://deno.land/std@0.110.0/_util/os.ts": "dfb186cc4e968c770ab6cc3288bd65f4871be03b93beecae57d657232ecffcac",
    "https://deno.land/std@0.110.0/async/deadline.ts": "1d6ac7aeaee22f75eb86e4e105d6161118aad7b41ae2dd14f4cfd3bf97472b93",
    "https://deno.land/std@0.110.0/async/debounce.ts": "b2f693e4baa16b62793fd618de6c003b63228db50ecfe3bd51fc5f6dc0bc264b",
    "https://deno.land/std@0.110.0/async/deferred.ts": "ab60d46ba561abb3b13c0c8085d05797a384b9f182935f051dc67136817acdee",
    "https://deno.land/std@0.110.0/async/delay.ts": "db68b7c22518ea9805be110cdc914017d741894d2bececf4d78607fd2f0548e7",
    "https://deno.land/std@0.110.0/async/mod.ts": "78425176fabea7bd1046ce3819fd69ce40da85c83e0f174d17e8e224a91f7d10",
    "https://deno.land/std@0.110.0/async/mux_async_iterator.ts": "62abff3af9ff619e8f2adc96fc70d4ca020fa48a50c23c13f12d02ed2b760dbe",
    "https://deno.land/std@0.110.0/async/pool.ts": "353ce4f91865da203a097aa6f33de8966340c91b6f4a055611c8c5d534afd12f",
    "https://deno.land/std@0.110.0/async/tee.ts": "63811ea47268825db2b15e973dc5c37bab37b749ffa00d2b7bbb6c6f568412cb",
    "https://deno.land/std@0.110.0/bytes/mod.ts": "440684e07e8f57a19a43b34d57eb63af0b36fc92b6657b6dcdbf9d5612d62e29",
    "https://deno.land/std@0.110.0/fmt/colors.ts": "8368ddf2d48dfe413ffd04cdbb7ae6a1009cf0dccc9c7ff1d76259d9c61a0621",
    "https://deno.land/std@0.110.0/io/buffer.ts": "3ead6bb11276ebcf093c403f74f67fd2205a515dbbb9061862c468ca56f37cd8",
    "https://deno.land/std@0.110.0/io/util.ts": "85c33d61b20fd706acc094fe80d4c8ae618b04abcf3a96ca2b47071842c1c8ac",
    "https://deno.land/std@0.110.0/node/_errors.ts": "74d1e7c7aad0f4a04df20be1f25f8a0a1d39483a75daabefa2cb285b0090e6e5",
    "https://deno.land/std@0.110.0/node/_util/_util_callbackify.ts": "947aa66d148c10e484c5c5e65ca4041cdd65085d7045fb26d388269a63c4d079",
    "https://deno.land/std@0.110.0/node/_util/_util_promisify.ts": "2ad6efe685f73443d5ed6ae009999789a8de4a0f01e6d2afdf242b4515477ee2",
    "https://deno.land/std@0.110.0/node/_util/_util_types.ts": "ae3d21e07c975f06590ab80bbde8173670d70ff40546267c0c1df869fc2ff00c",
    "https://deno.land/std@0.110.0/node/_utils.ts": "c32d3491e380488728d65ad471698ed0aadff7fe35bde0a26ba4dd8f434ed0e7",
    "https://deno.land/std@0.110.0/node/events.ts": "f92ba300cb0a6efa4ff4d8a267a507ee725858d6a250a2eeb829ec99b21f90b1",
    "https://deno.land/std@0.110.0/node/util.ts": "23878bd3ee67a52e67cfe5acb78c7ccce9c54735c6d280b069577605e8679935",
    "https://deno.land/std@0.110.0/testing/_diff.ts": "ccd6c3af6e44c74bf1591acb1361995f5f50df64323a6e7fb3f16c8ea792c940",
    "https://deno.land/std@0.110.0/testing/asserts.ts": "6b0d6ba564bdff807bd0f0e93e02c48aa3177acf19416bf84a7f420191ef74cd",
    "https://deno.land/std@0.177.0/_util/asserts.ts": "178dfc49a464aee693a7e285567b3d0b555dc805ff490505a8aae34f9cfb1462",
    "https://deno.land/std@0.177.0/flags/mod.ts": "d1cdefa18472ef69858a17df5cf7c98445ed27ac10e1460183081303b0ebc270",
    "https://deno.land/std@0.208.0/fs/exists.ts": "cb59a853d84871d87acab0e7936a4dac11282957f8e195102c5a7acb42546bb8",
    "https://deno.land/x/is_number@v1.6.1/mod.ts": "b4a0e0ee95c43acfb664c489041af20e27edb8fded3ef71b9ab54b8e21e888d4"
  }
}
